{
  "nodes": {
    "darwin": {
      "inputs": {
        "nixpkgs": [
          "nixpkgs"
        ]
      },
      "locked": {
        "lastModified": 1737423230,
        "narHash": "sha256-WEOiNmkcmlaeXy2HGW1PYxYmCPiHdsI7a7SpjhBYxRg=",
        "owner": "LnL7",
        "repo": "nix-darwin",
        "rev": "46d0fa4ded0a7532f19870f9bbedaf62269fe3f7",
        "type": "github"
      },
      "original": {
        "owner": "LnL7",
        "repo": "nix-darwin",
        "type": "github"
      }
    },
    "home-manager": {
      "inputs": {
        "nixpkgs": [
          "nixpkgs"
        ]
      },
      "locked": {
        "lastModified": 1737394973,
        "narHash": "sha256-EW4oXMfnfA5sNM9Jqm+y98horWVvN66Gu7YIcEpFYZc=",
        "owner": "nix-community",
        "repo": "home-manager",
        "rev": "9786661d57c476021c8a0c3e53bf9fa2b4f3328b",
        "type": "github"
      },
      "original": {
        "owner": "nix-community",
        "repo": "home-manager",
        "type": "github"
      }
    },
    "nixpkgs": {
      "locked": {
        "lastModified": 1737370608,
        "narHash": "sha256-hFA6SmioeqvGW/XvZa9bxniAeulksCOcj3kokdNT/YE=",
        "owner": "NixOS",
        "repo": "nixpkgs",
        "rev": "300081d0cc72df578b02d914df941b8ec62240e6",
        "type": "github"
      },
      "original": {
        "owner": "NixOS",
        "ref": "nixpkgs-unstable",
        "repo": "nixpkgs",
        "type": "github"
      }
    },
    "root": {
      "inputs": {
        "darwin": "darwin",
        "home-manager": "home-manager",
        "nixpkgs": "nixpkgs",
        "rust-overlay": "rust-overlay",
        "treefmt-nix": "treefmt-nix"
      }
    },
    "rust-overlay": {
      "inputs": {
        "nixpkgs": [
          "nixpkgs"
        ]
      },
      "locked": {
        "lastModified": 1737426362,
        "narHash": "sha256-4SavpRWfRw2pLG1qqErWpk/hI1eCzqjKcE1motxHZgo=",
        "owner": "oxalica",
        "repo": "rust-overlay",
        "rev": "2103fcb16359438d42141bac873ed2367a05cbe7",
        "type": "github"
      },
      "original": {
        "owner": "oxalica",
        "repo": "rust-overlay",
        "type": "github"
      }
    },
    "treefmt-nix": {
      "inputs": {
        "nixpkgs": [
          "nixpkgs"
        ]
      },
      "locked": {
        "lastModified": 1737103437,
        "narHash": "sha256-uPNWcYbhY2fjY3HOfRCR5jsfzdzemhfxLSxwjXYXqNc=",
        "owner": "numtide",
        "repo": "treefmt-nix",
        "rev": "d1ed3b385f8130e392870cfb1dbfaff8a63a1899",
        "type": "github"
      },
      "original": {
        "owner": "numtide",
        "repo": "treefmt-nix",
        "type": "github"
      }
    }
  },
  "root": "root",
  "version": 7
}
