lockfile_version: '1'
generated_at: '2026-04-29T11:02:33.737733+00:00'
apm_version: 0.10.0
dependencies:
- repo_url: anthropics/claude-plugins-official
  host: github.com
  resolved_commit: e73e9a6257ac5285a7218dc5e7e99b1ae2dc65e7
  virtual_path: plugins/feature-dev
  is_virtual: true
  package_type: marketplace_plugin
  deployed_files:
  - .claude/agents/code-architect.md
  - .claude/agents/code-explorer.md
  - .claude/agents/code-reviewer.md
  - .claude/commands/feature-dev.md
  - .config/opencode/agents/code-architect.md
  - .config/opencode/agents/code-explorer.md
  - .config/opencode/agents/code-reviewer.md
  - .config/opencode/commands/feature-dev.md
  - .copilot/agents/code-architect.agent.md
  - .copilot/agents/code-explorer.agent.md
  - .copilot/agents/code-reviewer.agent.md
  - .cursor/agents/code-architect.md
  - .cursor/agents/code-explorer.md
  - .cursor/agents/code-reviewer.md
  - .gemini/commands/feature-dev.toml
  deployed_file_hashes:
    .claude/agents/code-architect.md: sha256:c50fb08d59a4bbd19660860626a049e44cf1a2b0c1cf782e6c7a99ba7e71b0c3
    .claude/agents/code-explorer.md: sha256:3b277703de7458988ec3b8021c716f79f642e174950ed332629310f68322029a
    .claude/agents/code-reviewer.md: sha256:a7df173bf77a00da5584c6401a1061524fdbe477b6fef5dd496d4c7a9113c78c
    .claude/commands/feature-dev.md: sha256:656a01ce40782ee849c444916362df0e4e4173afcd33313777fa86021d89994b
    .config/opencode/agents/code-architect.md: sha256:c50fb08d59a4bbd19660860626a049e44cf1a2b0c1cf782e6c7a99ba7e71b0c3
    .config/opencode/agents/code-explorer.md: sha256:3b277703de7458988ec3b8021c716f79f642e174950ed332629310f68322029a
    .config/opencode/agents/code-reviewer.md: sha256:a7df173bf77a00da5584c6401a1061524fdbe477b6fef5dd496d4c7a9113c78c
    .config/opencode/commands/feature-dev.md: sha256:656a01ce40782ee849c444916362df0e4e4173afcd33313777fa86021d89994b
    .copilot/agents/code-architect.agent.md: sha256:c50fb08d59a4bbd19660860626a049e44cf1a2b0c1cf782e6c7a99ba7e71b0c3
    .copilot/agents/code-explorer.agent.md: sha256:3b277703de7458988ec3b8021c716f79f642e174950ed332629310f68322029a
    .copilot/agents/code-reviewer.agent.md: sha256:a7df173bf77a00da5584c6401a1061524fdbe477b6fef5dd496d4c7a9113c78c
    .cursor/agents/code-architect.md: sha256:c50fb08d59a4bbd19660860626a049e44cf1a2b0c1cf782e6c7a99ba7e71b0c3
    .cursor/agents/code-explorer.md: sha256:3b277703de7458988ec3b8021c716f79f642e174950ed332629310f68322029a
    .cursor/agents/code-reviewer.md: sha256:a7df173bf77a00da5584c6401a1061524fdbe477b6fef5dd496d4c7a9113c78c
    .gemini/commands/feature-dev.toml: sha256:3b17dc0a23aafb6d0d97b015a471bfb374ea06a4c71a8e8995ac7e0f5a3d892d
  content_hash: sha256:b7cac9dde158bf5f7109ec56010bee52d921d777d2541227060765c2327e106b
- repo_url: anthropics/claude-plugins-official
  host: github.com
  resolved_commit: e73e9a6257ac5285a7218dc5e7e99b1ae2dc65e7
  virtual_path: plugins/pr-review-toolkit
  is_virtual: true
  package_type: marketplace_plugin
  deployed_files:
  - .claude/agents/code-simplifier.md
  - .claude/agents/comment-analyzer.md
  - .claude/agents/pr-test-analyzer.md
  - .claude/agents/silent-failure-hunter.md
  - .claude/agents/type-design-analyzer.md
  - .claude/commands/review-pr.md
  - .config/opencode/agents/code-simplifier.md
  - .config/opencode/agents/comment-analyzer.md
  - .config/opencode/agents/pr-test-analyzer.md
  - .config/opencode/agents/silent-failure-hunter.md
  - .config/opencode/agents/type-design-analyzer.md
  - .config/opencode/commands/review-pr.md
  - .copilot/agents/code-simplifier.agent.md
  - .copilot/agents/comment-analyzer.agent.md
  - .copilot/agents/pr-test-analyzer.agent.md
  - .copilot/agents/silent-failure-hunter.agent.md
  - .copilot/agents/type-design-analyzer.agent.md
  - .cursor/agents/code-simplifier.md
  - .cursor/agents/comment-analyzer.md
  - .cursor/agents/pr-test-analyzer.md
  - .cursor/agents/silent-failure-hunter.md
  - .cursor/agents/type-design-analyzer.md
  - .gemini/commands/review-pr.toml
  deployed_file_hashes:
    .claude/agents/code-simplifier.md: sha256:976ddb22b84bc5a714216531a75db5e73169554add6b953442beeedb49b56891
    .claude/agents/comment-analyzer.md: sha256:4a9c1f2eb8234a4b9231983e75739663d512e1aed242388964a165a719b84698
    .claude/agents/pr-test-analyzer.md: sha256:fcb1cde9ba7b21694b508766a8d6a79bc91bed9982f828f816210059934f46b4
    .claude/agents/silent-failure-hunter.md: sha256:fa9b0daec5a267e7e66435cc48b3328301fc9f70c3af259fe248881327a1babc
    .claude/agents/type-design-analyzer.md: sha256:c1cf67843d3c4fd27ddf6b24aa92521414b16c01610e7f7e87212c7b8681198d
    .claude/commands/review-pr.md: sha256:1c3ca6f18f9851ac88ffdc3f98b45e9bd19fb139eb14850f2c22cd18c7a167b2
    .config/opencode/agents/code-simplifier.md: sha256:976ddb22b84bc5a714216531a75db5e73169554add6b953442beeedb49b56891
    .config/opencode/agents/comment-analyzer.md: sha256:4a9c1f2eb8234a4b9231983e75739663d512e1aed242388964a165a719b84698
    .config/opencode/agents/pr-test-analyzer.md: sha256:fcb1cde9ba7b21694b508766a8d6a79bc91bed9982f828f816210059934f46b4
    .config/opencode/agents/silent-failure-hunter.md: sha256:fa9b0daec5a267e7e66435cc48b3328301fc9f70c3af259fe248881327a1babc
    .config/opencode/agents/type-design-analyzer.md: sha256:c1cf67843d3c4fd27ddf6b24aa92521414b16c01610e7f7e87212c7b8681198d
    .config/opencode/commands/review-pr.md: sha256:1c3ca6f18f9851ac88ffdc3f98b45e9bd19fb139eb14850f2c22cd18c7a167b2
    .copilot/agents/code-simplifier.agent.md: sha256:976ddb22b84bc5a714216531a75db5e73169554add6b953442beeedb49b56891
    .copilot/agents/comment-analyzer.agent.md: sha256:4a9c1f2eb8234a4b9231983e75739663d512e1aed242388964a165a719b84698
    .copilot/agents/pr-test-analyzer.agent.md: sha256:fcb1cde9ba7b21694b508766a8d6a79bc91bed9982f828f816210059934f46b4
    .copilot/agents/silent-failure-hunter.agent.md: sha256:fa9b0daec5a267e7e66435cc48b3328301fc9f70c3af259fe248881327a1babc
    .copilot/agents/type-design-analyzer.agent.md: sha256:c1cf67843d3c4fd27ddf6b24aa92521414b16c01610e7f7e87212c7b8681198d
    .cursor/agents/code-simplifier.md: sha256:976ddb22b84bc5a714216531a75db5e73169554add6b953442beeedb49b56891
    .cursor/agents/comment-analyzer.md: sha256:4a9c1f2eb8234a4b9231983e75739663d512e1aed242388964a165a719b84698
    .cursor/agents/pr-test-analyzer.md: sha256:fcb1cde9ba7b21694b508766a8d6a79bc91bed9982f828f816210059934f46b4
    .cursor/agents/silent-failure-hunter.md: sha256:fa9b0daec5a267e7e66435cc48b3328301fc9f70c3af259fe248881327a1babc
    .cursor/agents/type-design-analyzer.md: sha256:c1cf67843d3c4fd27ddf6b24aa92521414b16c01610e7f7e87212c7b8681198d
    .gemini/commands/review-pr.toml: sha256:43fcf0e008fe8ce8024ef04f9c3273182054c59143a4bd8ea41094a21887ca23
  content_hash: sha256:e533209233c3ec09a92c868be90a85ea162cc400ff880d15387456ae1062f92f
- repo_url: anthropics/skills
  host: github.com
  resolved_commit: 5128e1865d670f5d6c9cef000e6dfc4e951fb5b9
  resolved_ref: 5128e1865d670f5d6c9cef000e6dfc4e951fb5b9
  virtual_path: skills/skill-creator
  is_virtual: true
  package_type: claude_skill
  deployed_files:
  - .claude/skills/skill-creator
  - .config/opencode/skills/skill-creator
  - .copilot/skills/skill-creator
  - .cursor/skills/skill-creator
  - .gemini/skills/skill-creator
  content_hash: sha256:b2bfe91d69ca99994c0566baede889e7d2b9bb8791c6b6106c5d387392f717f6
- repo_url: babarot/gh-infra
  host: github.com
  resolved_commit: d77097abbc5c90a11cde5d9099585fecd16c69bb
  resolved_ref: d77097abbc5c90a11cde5d9099585fecd16c69bb
  virtual_path: skills/ci-cd
  is_virtual: true
  package_type: claude_skill
  deployed_files:
  - .claude/skills/ci-cd
  - .config/opencode/skills/ci-cd
  - .copilot/skills/ci-cd
  - .cursor/skills/ci-cd
  - .gemini/skills/ci-cd
  content_hash: sha256:2cf02b7c52b7be43e97cfd01289d667e13fdfb5f018098221ee66c32ab68f42c
- repo_url: babarot/gh-infra
  host: github.com
  resolved_commit: d77097abbc5c90a11cde5d9099585fecd16c69bb
  resolved_ref: d77097abbc5c90a11cde5d9099585fecd16c69bb
  virtual_path: skills/file-manifest
  is_virtual: true
  package_type: claude_skill
  deployed_files:
  - .claude/skills/file-manifest
  - .config/opencode/skills/file-manifest
  - .copilot/skills/file-manifest
  - .cursor/skills/file-manifest
  - .gemini/skills/file-manifest
  content_hash: sha256:00f6d61f7667cbc5d80aeb546c84f28058da79fd8cb6c4fd2e3fbc085f886711
- repo_url: babarot/gh-infra
  host: github.com
  resolved_commit: d77097abbc5c90a11cde5d9099585fecd16c69bb
  resolved_ref: d77097abbc5c90a11cde5d9099585fecd16c69bb
  virtual_path: skills/gh-infra
  is_virtual: true
  package_type: claude_skill
  deployed_files:
  - .claude/skills/gh-infra
  - .config/opencode/skills/gh-infra
  - .copilot/skills/gh-infra
  - .cursor/skills/gh-infra
  - .gemini/skills/gh-infra
  content_hash: sha256:646d8986848e7cb69d040206ff862d37f83cbf46cf3540a8f1cfbce5b5ab475f
- repo_url: babarot/gh-infra
  host: github.com
  resolved_commit: d77097abbc5c90a11cde5d9099585fecd16c69bb
  resolved_ref: d77097abbc5c90a11cde5d9099585fecd16c69bb
  virtual_path: skills/import-into
  is_virtual: true
  package_type: claude_skill
  deployed_files:
  - .claude/skills/import-into
  - .config/opencode/skills/import-into
  - .copilot/skills/import-into
  - .cursor/skills/import-into
  - .gemini/skills/import-into
  content_hash: sha256:253003e9ae213250e1af7374f7aa8fc6fc5ffc893ee910a7322351f16fcc777f
- repo_url: babarot/gh-infra
  host: github.com
  resolved_commit: d77097abbc5c90a11cde5d9099585fecd16c69bb
  resolved_ref: d77097abbc5c90a11cde5d9099585fecd16c69bb
  virtual_path: skills/repository-manifest
  is_virtual: true
  package_type: claude_skill
  deployed_files:
  - .claude/skills/repository-manifest
  - .config/opencode/skills/repository-manifest
  - .copilot/skills/repository-manifest
  - .cursor/skills/repository-manifest
  - .gemini/skills/repository-manifest
  content_hash: sha256:5bb805459a144dec8645e8f2c5fae6e1b8aafbff97d4b5322dfba931d1c0020f
- repo_url: googleworkspace/cli
  host: github.com
  resolved_commit: a3768d0e82ad83cca2da97724e46bea4ff0e6dbd
  resolved_ref: a3768d0e82ad83cca2da97724e46bea4ff0e6dbd
  virtual_path: skills/gws-admin-reports
  is_virtual: true
  package_type: claude_skill
  deployed_files:
  - .claude/skills/gws-admin-reports
  - .config/opencode/skills/gws-admin-reports
  - .copilot/skills/gws-admin-reports
  - .cursor/skills/gws-admin-reports
  - .gemini/skills/gws-admin-reports
  content_hash: sha256:119e59c6e5f007563eca290300424e928a23aaf272bc790f1733538221c07a9d
- repo_url: googleworkspace/cli
  host: github.com
  resolved_commit: a3768d0e82ad83cca2da97724e46bea4ff0e6dbd
  resolved_ref: a3768d0e82ad83cca2da97724e46bea4ff0e6dbd
  virtual_path: skills/gws-calendar
  is_virtual: true
  package_type: claude_skill
  deployed_files:
  - .claude/skills/gws-calendar
  - .config/opencode/skills/gws-calendar
  - .copilot/skills/gws-calendar
  - .cursor/skills/gws-calendar
  - .gemini/skills/gws-calendar
  content_hash: sha256:0c5956e1069552444b00bf45381f08ffa9a7bca9810fefb1801866216008bcfc
- repo_url: googleworkspace/cli
  host: github.com
  resolved_commit: a3768d0e82ad83cca2da97724e46bea4ff0e6dbd
  resolved_ref: a3768d0e82ad83cca2da97724e46bea4ff0e6dbd
  virtual_path: skills/gws-calendar-agenda
  is_virtual: true
  package_type: claude_skill
  deployed_files:
  - .claude/skills/gws-calendar-agenda
  - .config/opencode/skills/gws-calendar-agenda
  - .copilot/skills/gws-calendar-agenda
  - .cursor/skills/gws-calendar-agenda
  - .gemini/skills/gws-calendar-agenda
  content_hash: sha256:794bca1f324fa3a29dd1b98be990c690bcf9e36807fba8634042a36439d26c3e
- repo_url: googleworkspace/cli
  host: github.com
  resolved_commit: a3768d0e82ad83cca2da97724e46bea4ff0e6dbd
  resolved_ref: a3768d0e82ad83cca2da97724e46bea4ff0e6dbd
  virtual_path: skills/gws-calendar-insert
  is_virtual: true
  package_type: claude_skill
  deployed_files:
  - .claude/skills/gws-calendar-insert
  - .config/opencode/skills/gws-calendar-insert
  - .copilot/skills/gws-calendar-insert
  - .cursor/skills/gws-calendar-insert
  - .gemini/skills/gws-calendar-insert
  content_hash: sha256:6cfef1caf4117b716e73a5ee4c3ab017bcf72617e9291c2812c052a77281bfbb
- repo_url: googleworkspace/cli
  host: github.com
  resolved_commit: a3768d0e82ad83cca2da97724e46bea4ff0e6dbd
  resolved_ref: a3768d0e82ad83cca2da97724e46bea4ff0e6dbd
  virtual_path: skills/gws-chat
  is_virtual: true
  package_type: claude_skill
  deployed_files:
  - .claude/skills/gws-chat
  - .config/opencode/skills/gws-chat
  - .copilot/skills/gws-chat
  - .cursor/skills/gws-chat
  - .gemini/skills/gws-chat
  content_hash: sha256:b8399b81d524a3c95146a5e026bb5d7974f80c5264c29cbb16ceb0786ce43ff2
- repo_url: googleworkspace/cli
  host: github.com
  resolved_commit: a3768d0e82ad83cca2da97724e46bea4ff0e6dbd
  resolved_ref: a3768d0e82ad83cca2da97724e46bea4ff0e6dbd
  virtual_path: skills/gws-chat-send
  is_virtual: true
  package_type: claude_skill
  deployed_files:
  - .claude/skills/gws-chat-send
  - .config/opencode/skills/gws-chat-send
  - .copilot/skills/gws-chat-send
  - .cursor/skills/gws-chat-send
  - .gemini/skills/gws-chat-send
  content_hash: sha256:b3fccfdd5283652163104e9e56d9f045b37540bd52d280088d22a15c97f4b8cc
- repo_url: googleworkspace/cli
  host: github.com
  resolved_commit: a3768d0e82ad83cca2da97724e46bea4ff0e6dbd
  resolved_ref: a3768d0e82ad83cca2da97724e46bea4ff0e6dbd
  virtual_path: skills/gws-classroom
  is_virtual: true
  package_type: claude_skill
  deployed_files:
  - .claude/skills/gws-classroom
  - .config/opencode/skills/gws-classroom
  - .copilot/skills/gws-classroom
  - .cursor/skills/gws-classroom
  - .gemini/skills/gws-classroom
  content_hash: sha256:b8dc11ae32b7e922e89df7f2f0a0dbfc9039fe9672bf5a57766711297d4f3fa5
- repo_url: googleworkspace/cli
  host: github.com
  resolved_commit: a3768d0e82ad83cca2da97724e46bea4ff0e6dbd
  resolved_ref: a3768d0e82ad83cca2da97724e46bea4ff0e6dbd
  virtual_path: skills/gws-docs
  is_virtual: true
  package_type: claude_skill
  deployed_files:
  - .claude/skills/gws-docs
  - .config/opencode/skills/gws-docs
  - .copilot/skills/gws-docs
  - .cursor/skills/gws-docs
  - .gemini/skills/gws-docs
  content_hash: sha256:10dc2a8aa8cb28524a9d285ddba5602c24c21cbb640718fce522b58d90ee7b97
- repo_url: googleworkspace/cli
  host: github.com
  resolved_commit: a3768d0e82ad83cca2da97724e46bea4ff0e6dbd
  resolved_ref: a3768d0e82ad83cca2da97724e46bea4ff0e6dbd
  virtual_path: skills/gws-docs-write
  is_virtual: true
  package_type: claude_skill
  deployed_files:
  - .claude/skills/gws-docs-write
  - .config/opencode/skills/gws-docs-write
  - .copilot/skills/gws-docs-write
  - .cursor/skills/gws-docs-write
  - .gemini/skills/gws-docs-write
  content_hash: sha256:fdf46eb60dcdd455a8d8c13dc70cbc855c97063be7d2071cd8c3defee62e60d6
- repo_url: googleworkspace/cli
  host: github.com
  resolved_commit: a3768d0e82ad83cca2da97724e46bea4ff0e6dbd
  resolved_ref: a3768d0e82ad83cca2da97724e46bea4ff0e6dbd
  virtual_path: skills/gws-drive
  is_virtual: true
  package_type: claude_skill
  deployed_files:
  - .claude/skills/gws-drive
  - .config/opencode/skills/gws-drive
  - .copilot/skills/gws-drive
  - .cursor/skills/gws-drive
  - .gemini/skills/gws-drive
  content_hash: sha256:d637ff849b82a9fc195bcfedea260cffe94eaa31b843b28cd04313b1720bb153
- repo_url: googleworkspace/cli
  host: github.com
  resolved_commit: a3768d0e82ad83cca2da97724e46bea4ff0e6dbd
  resolved_ref: a3768d0e82ad83cca2da97724e46bea4ff0e6dbd
  virtual_path: skills/gws-drive-upload
  is_virtual: true
  package_type: claude_skill
  deployed_files:
  - .claude/skills/gws-drive-upload
  - .config/opencode/skills/gws-drive-upload
  - .copilot/skills/gws-drive-upload
  - .cursor/skills/gws-drive-upload
  - .gemini/skills/gws-drive-upload
  content_hash: sha256:0a5cb1978c1eb483bb223363a316dc6a73998b4158c0f4ebcf18882155a57bc8
- repo_url: googleworkspace/cli
  host: github.com
  resolved_commit: a3768d0e82ad83cca2da97724e46bea4ff0e6dbd
  resolved_ref: a3768d0e82ad83cca2da97724e46bea4ff0e6dbd
  virtual_path: skills/gws-events
  is_virtual: true
  package_type: claude_skill
  deployed_files:
  - .claude/skills/gws-events
  - .config/opencode/skills/gws-events
  - .copilot/skills/gws-events
  - .cursor/skills/gws-events
  - .gemini/skills/gws-events
  content_hash: sha256:8fc135105525b5e24c343f61071f66656ed58dc660c1ec14e1d5fc0db441d0eb
- repo_url: googleworkspace/cli
  host: github.com
  resolved_commit: a3768d0e82ad83cca2da97724e46bea4ff0e6dbd
  resolved_ref: a3768d0e82ad83cca2da97724e46bea4ff0e6dbd
  virtual_path: skills/gws-events-renew
  is_virtual: true
  package_type: claude_skill
  deployed_files:
  - .claude/skills/gws-events-renew
  - .config/opencode/skills/gws-events-renew
  - .copilot/skills/gws-events-renew
  - .cursor/skills/gws-events-renew
  - .gemini/skills/gws-events-renew
  content_hash: sha256:f40b7517c109f7302a40b74807edb5d7ed014c67ef88fb280ada27cd49cc81e6
- repo_url: googleworkspace/cli
  host: github.com
  resolved_commit: a3768d0e82ad83cca2da97724e46bea4ff0e6dbd
  resolved_ref: a3768d0e82ad83cca2da97724e46bea4ff0e6dbd
  virtual_path: skills/gws-events-subscribe
  is_virtual: true
  package_type: claude_skill
  deployed_files:
  - .claude/skills/gws-events-subscribe
  - .config/opencode/skills/gws-events-subscribe
  - .copilot/skills/gws-events-subscribe
  - .cursor/skills/gws-events-subscribe
  - .gemini/skills/gws-events-subscribe
  content_hash: sha256:d5b6b0e16812ed935a05f5d1bb7b4d9b20d87cfe5d5cefea4e7cb6e42e1bcc4a
- repo_url: googleworkspace/cli
  host: github.com
  resolved_commit: a3768d0e82ad83cca2da97724e46bea4ff0e6dbd
  resolved_ref: a3768d0e82ad83cca2da97724e46bea4ff0e6dbd
  virtual_path: skills/gws-forms
  is_virtual: true
  package_type: claude_skill
  deployed_files:
  - .claude/skills/gws-forms
  - .config/opencode/skills/gws-forms
  - .copilot/skills/gws-forms
  - .cursor/skills/gws-forms
  - .gemini/skills/gws-forms
  content_hash: sha256:1f8a7f74106e00fa51a6505f16cf58d5e63c12dc90099920c3d2ed7a67cad6ea
- repo_url: googleworkspace/cli
  host: github.com
  resolved_commit: a3768d0e82ad83cca2da97724e46bea4ff0e6dbd
  resolved_ref: a3768d0e82ad83cca2da97724e46bea4ff0e6dbd
  virtual_path: skills/gws-gmail
  is_virtual: true
  package_type: claude_skill
  deployed_files:
  - .claude/skills/gws-gmail
  - .config/opencode/skills/gws-gmail
  - .copilot/skills/gws-gmail
  - .cursor/skills/gws-gmail
  - .gemini/skills/gws-gmail
  content_hash: sha256:5e5b5fdb4b4f347310d929657ed773abcaf528b5ac0a68deee12d3d38d307642
- repo_url: googleworkspace/cli
  host: github.com
  resolved_commit: a3768d0e82ad83cca2da97724e46bea4ff0e6dbd
  resolved_ref: a3768d0e82ad83cca2da97724e46bea4ff0e6dbd
  virtual_path: skills/gws-gmail-forward
  is_virtual: true
  package_type: claude_skill
  deployed_files:
  - .claude/skills/gws-gmail-forward
  - .config/opencode/skills/gws-gmail-forward
  - .copilot/skills/gws-gmail-forward
  - .cursor/skills/gws-gmail-forward
  - .gemini/skills/gws-gmail-forward
  content_hash: sha256:53790c38df818d91e3e214d80c016b50c67489a57d0e1764f1bcc2c31e754db8
- repo_url: googleworkspace/cli
  host: github.com
  resolved_commit: a3768d0e82ad83cca2da97724e46bea4ff0e6dbd
  resolved_ref: a3768d0e82ad83cca2da97724e46bea4ff0e6dbd
  virtual_path: skills/gws-gmail-reply
  is_virtual: true
  package_type: claude_skill
  deployed_files:
  - .claude/skills/gws-gmail-reply
  - .config/opencode/skills/gws-gmail-reply
  - .copilot/skills/gws-gmail-reply
  - .cursor/skills/gws-gmail-reply
  - .gemini/skills/gws-gmail-reply
  content_hash: sha256:908f72d3f5a7e9e53f4ecb3cfad6e146a0798aa55ba684629796baddbe5e766a
- repo_url: googleworkspace/cli
  host: github.com
  resolved_commit: a3768d0e82ad83cca2da97724e46bea4ff0e6dbd
  resolved_ref: a3768d0e82ad83cca2da97724e46bea4ff0e6dbd
  virtual_path: skills/gws-gmail-reply-all
  is_virtual: true
  package_type: claude_skill
  deployed_files:
  - .claude/skills/gws-gmail-reply-all
  - .config/opencode/skills/gws-gmail-reply-all
  - .copilot/skills/gws-gmail-reply-all
  - .cursor/skills/gws-gmail-reply-all
  - .gemini/skills/gws-gmail-reply-all
  content_hash: sha256:2d848bf4503a1eaeca2051c51e107cc5a1c3ce2e7b772bddc86e3600c69084ab
- repo_url: googleworkspace/cli
  host: github.com
  resolved_commit: a3768d0e82ad83cca2da97724e46bea4ff0e6dbd
  resolved_ref: a3768d0e82ad83cca2da97724e46bea4ff0e6dbd
  virtual_path: skills/gws-gmail-send
  is_virtual: true
  package_type: claude_skill
  deployed_files:
  - .claude/skills/gws-gmail-send
  - .config/opencode/skills/gws-gmail-send
  - .copilot/skills/gws-gmail-send
  - .cursor/skills/gws-gmail-send
  - .gemini/skills/gws-gmail-send
  content_hash: sha256:87f48e0c57b05e143b9e206e9fd17585bcc7bfc3cf16e2bdd889c250e5eb8d34
- repo_url: googleworkspace/cli
  host: github.com
  resolved_commit: a3768d0e82ad83cca2da97724e46bea4ff0e6dbd
  resolved_ref: a3768d0e82ad83cca2da97724e46bea4ff0e6dbd
  virtual_path: skills/gws-gmail-triage
  is_virtual: true
  package_type: claude_skill
  deployed_files:
  - .claude/skills/gws-gmail-triage
  - .config/opencode/skills/gws-gmail-triage
  - .copilot/skills/gws-gmail-triage
  - .cursor/skills/gws-gmail-triage
  - .gemini/skills/gws-gmail-triage
  content_hash: sha256:404d060677fd09d2ddb4c4008817b430114a60a97e99cd94cf1308ec9b26db97
- repo_url: googleworkspace/cli
  host: github.com
  resolved_commit: a3768d0e82ad83cca2da97724e46bea4ff0e6dbd
  resolved_ref: a3768d0e82ad83cca2da97724e46bea4ff0e6dbd
  virtual_path: skills/gws-gmail-watch
  is_virtual: true
  package_type: claude_skill
  deployed_files:
  - .claude/skills/gws-gmail-watch
  - .config/opencode/skills/gws-gmail-watch
  - .copilot/skills/gws-gmail-watch
  - .cursor/skills/gws-gmail-watch
  - .gemini/skills/gws-gmail-watch
  content_hash: sha256:ecba93f87ac43d64f154e337c3a6be2139fc4a2e78263b880169ce220398f4c7
- repo_url: googleworkspace/cli
  host: github.com
  resolved_commit: a3768d0e82ad83cca2da97724e46bea4ff0e6dbd
  resolved_ref: a3768d0e82ad83cca2da97724e46bea4ff0e6dbd
  virtual_path: skills/gws-keep
  is_virtual: true
  package_type: claude_skill
  deployed_files:
  - .claude/skills/gws-keep
  - .config/opencode/skills/gws-keep
  - .copilot/skills/gws-keep
  - .cursor/skills/gws-keep
  - .gemini/skills/gws-keep
  content_hash: sha256:96279229273dc04afa1a1c5cfa5a23c7797178946c5de0b28e6d81cffb4286b4
- repo_url: googleworkspace/cli
  host: github.com
  resolved_commit: a3768d0e82ad83cca2da97724e46bea4ff0e6dbd
  resolved_ref: a3768d0e82ad83cca2da97724e46bea4ff0e6dbd
  virtual_path: skills/gws-meet
  is_virtual: true
  package_type: claude_skill
  deployed_files:
  - .claude/skills/gws-meet
  - .config/opencode/skills/gws-meet
  - .copilot/skills/gws-meet
  - .cursor/skills/gws-meet
  - .gemini/skills/gws-meet
  content_hash: sha256:7186520b77ca74133bc1d6c9dedbe2502bad70a095d0c2881859324a45d120f1
- repo_url: googleworkspace/cli
  host: github.com
  resolved_commit: a3768d0e82ad83cca2da97724e46bea4ff0e6dbd
  resolved_ref: a3768d0e82ad83cca2da97724e46bea4ff0e6dbd
  virtual_path: skills/gws-modelarmor
  is_virtual: true
  package_type: claude_skill
  deployed_files:
  - .claude/skills/gws-modelarmor
  - .config/opencode/skills/gws-modelarmor
  - .copilot/skills/gws-modelarmor
  - .cursor/skills/gws-modelarmor
  - .gemini/skills/gws-modelarmor
  content_hash: sha256:7d0ffdbe62471c9b15aedc81771d6d0990dba5ada1f61ae31fd645b7c60a7c93
- repo_url: googleworkspace/cli
  host: github.com
  resolved_commit: a3768d0e82ad83cca2da97724e46bea4ff0e6dbd
  resolved_ref: a3768d0e82ad83cca2da97724e46bea4ff0e6dbd
  virtual_path: skills/gws-modelarmor-create-template
  is_virtual: true
  package_type: claude_skill
  deployed_files:
  - .claude/skills/gws-modelarmor-create-template
  - .config/opencode/skills/gws-modelarmor-create-template
  - .copilot/skills/gws-modelarmor-create-template
  - .cursor/skills/gws-modelarmor-create-template
  - .gemini/skills/gws-modelarmor-create-template
  content_hash: sha256:98d2cad8f117751149ecb1d12d2cff8eb7a441477d32f9809dcda3b13ad03cd4
- repo_url: googleworkspace/cli
  host: github.com
  resolved_commit: a3768d0e82ad83cca2da97724e46bea4ff0e6dbd
  resolved_ref: a3768d0e82ad83cca2da97724e46bea4ff0e6dbd
  virtual_path: skills/gws-modelarmor-sanitize-prompt
  is_virtual: true
  package_type: claude_skill
  deployed_files:
  - .claude/skills/gws-modelarmor-sanitize-prompt
  - .config/opencode/skills/gws-modelarmor-sanitize-prompt
  - .copilot/skills/gws-modelarmor-sanitize-prompt
  - .cursor/skills/gws-modelarmor-sanitize-prompt
  - .gemini/skills/gws-modelarmor-sanitize-prompt
  content_hash: sha256:798b25bc9e415eee94e0d4d8e504c898f2488c4d198b91345ea45714364d1448
- repo_url: googleworkspace/cli
  host: github.com
  resolved_commit: a3768d0e82ad83cca2da97724e46bea4ff0e6dbd
  resolved_ref: a3768d0e82ad83cca2da97724e46bea4ff0e6dbd
  virtual_path: skills/gws-modelarmor-sanitize-response
  is_virtual: true
  package_type: claude_skill
  deployed_files:
  - .claude/skills/gws-modelarmor-sanitize-response
  - .config/opencode/skills/gws-modelarmor-sanitize-response
  - .copilot/skills/gws-modelarmor-sanitize-response
  - .cursor/skills/gws-modelarmor-sanitize-response
  - .gemini/skills/gws-modelarmor-sanitize-response
  content_hash: sha256:04c6711b35086537e5649311809b0df671281c718c11cfb81f98a5c9419911af
- repo_url: googleworkspace/cli
  host: github.com
  resolved_commit: a3768d0e82ad83cca2da97724e46bea4ff0e6dbd
  resolved_ref: a3768d0e82ad83cca2da97724e46bea4ff0e6dbd
  virtual_path: skills/gws-people
  is_virtual: true
  package_type: claude_skill
  deployed_files:
  - .claude/skills/gws-people
  - .config/opencode/skills/gws-people
  - .copilot/skills/gws-people
  - .cursor/skills/gws-people
  - .gemini/skills/gws-people
  content_hash: sha256:6f6c4e5cd4cd20d57a8e912d3d1ec483a4d3f2de88ed168eaf20e04dafa01e79
- repo_url: googleworkspace/cli
  host: github.com
  resolved_commit: a3768d0e82ad83cca2da97724e46bea4ff0e6dbd
  resolved_ref: a3768d0e82ad83cca2da97724e46bea4ff0e6dbd
  virtual_path: skills/gws-shared
  is_virtual: true
  package_type: claude_skill
  deployed_files:
  - .claude/skills/gws-shared
  - .config/opencode/skills/gws-shared
  - .copilot/skills/gws-shared
  - .cursor/skills/gws-shared
  - .gemini/skills/gws-shared
  content_hash: sha256:b197590681ce3d5a52e9c15a68652b5445d111dbfc0dc453f68fb0785aac443c
- repo_url: googleworkspace/cli
  host: github.com
  resolved_commit: a3768d0e82ad83cca2da97724e46bea4ff0e6dbd
  resolved_ref: a3768d0e82ad83cca2da97724e46bea4ff0e6dbd
  virtual_path: skills/gws-sheets
  is_virtual: true
  package_type: claude_skill
  deployed_files:
  - .claude/skills/gws-sheets
  - .config/opencode/skills/gws-sheets
  - .copilot/skills/gws-sheets
  - .cursor/skills/gws-sheets
  - .gemini/skills/gws-sheets
  content_hash: sha256:21c951f8bf399bb941740ab8b048157b43088ad96b743976e88abb0046d263d2
- repo_url: googleworkspace/cli
  host: github.com
  resolved_commit: a3768d0e82ad83cca2da97724e46bea4ff0e6dbd
  resolved_ref: a3768d0e82ad83cca2da97724e46bea4ff0e6dbd
  virtual_path: skills/gws-sheets-append
  is_virtual: true
  package_type: claude_skill
  deployed_files:
  - .claude/skills/gws-sheets-append
  - .config/opencode/skills/gws-sheets-append
  - .copilot/skills/gws-sheets-append
  - .cursor/skills/gws-sheets-append
  - .gemini/skills/gws-sheets-append
  content_hash: sha256:00c79cd5e3f621474220a90f2c9baf5aa5732ef3c0354cdba6b8ff5921bccd36
- repo_url: googleworkspace/cli
  host: github.com
  resolved_commit: a3768d0e82ad83cca2da97724e46bea4ff0e6dbd
  resolved_ref: a3768d0e82ad83cca2da97724e46bea4ff0e6dbd
  virtual_path: skills/gws-sheets-read
  is_virtual: true
  package_type: claude_skill
  deployed_files:
  - .claude/skills/gws-sheets-read
  - .config/opencode/skills/gws-sheets-read
  - .copilot/skills/gws-sheets-read
  - .cursor/skills/gws-sheets-read
  - .gemini/skills/gws-sheets-read
  content_hash: sha256:082f6b6ee503a7438b12338024471f772f90193326cca3b6428e2450879785ff
- repo_url: googleworkspace/cli
  host: github.com
  resolved_commit: a3768d0e82ad83cca2da97724e46bea4ff0e6dbd
  resolved_ref: a3768d0e82ad83cca2da97724e46bea4ff0e6dbd
  virtual_path: skills/gws-slides
  is_virtual: true
  package_type: claude_skill
  deployed_files:
  - .claude/skills/gws-slides
  - .config/opencode/skills/gws-slides
  - .copilot/skills/gws-slides
  - .cursor/skills/gws-slides
  - .gemini/skills/gws-slides
  content_hash: sha256:5018c4b5578fae15b5c5212ad5a68263721c59c40e4bbecd8f4494cc93cb5471
- repo_url: googleworkspace/cli
  host: github.com
  resolved_commit: a3768d0e82ad83cca2da97724e46bea4ff0e6dbd
  resolved_ref: a3768d0e82ad83cca2da97724e46bea4ff0e6dbd
  virtual_path: skills/gws-tasks
  is_virtual: true
  package_type: claude_skill
  deployed_files:
  - .claude/skills/gws-tasks
  - .config/opencode/skills/gws-tasks
  - .copilot/skills/gws-tasks
  - .cursor/skills/gws-tasks
  - .gemini/skills/gws-tasks
  content_hash: sha256:c18db1a0ddecb2c4f1d3999d4021c77da621b51da6e9b4a24783a4ef16859c76
- repo_url: googleworkspace/cli
  host: github.com
  resolved_commit: a3768d0e82ad83cca2da97724e46bea4ff0e6dbd
  resolved_ref: a3768d0e82ad83cca2da97724e46bea4ff0e6dbd
  virtual_path: skills/gws-workflow
  is_virtual: true
  package_type: claude_skill
  deployed_files:
  - .claude/skills/gws-workflow
  - .config/opencode/skills/gws-workflow
  - .copilot/skills/gws-workflow
  - .cursor/skills/gws-workflow
  - .gemini/skills/gws-workflow
  content_hash: sha256:f123bdb9dd59271e93f0c04469a55ca9b0dbf599fc9722944659a083ed1e66ce
- repo_url: googleworkspace/cli
  host: github.com
  resolved_commit: a3768d0e82ad83cca2da97724e46bea4ff0e6dbd
  resolved_ref: a3768d0e82ad83cca2da97724e46bea4ff0e6dbd
  virtual_path: skills/gws-workflow-email-to-task
  is_virtual: true
  package_type: claude_skill
  deployed_files:
  - .claude/skills/gws-workflow-email-to-task
  - .config/opencode/skills/gws-workflow-email-to-task
  - .copilot/skills/gws-workflow-email-to-task
  - .cursor/skills/gws-workflow-email-to-task
  - .gemini/skills/gws-workflow-email-to-task
  content_hash: sha256:24ca7296342b71eed2077154727485e96cb5317f76d20204472bc471131232b2
- repo_url: googleworkspace/cli
  host: github.com
  resolved_commit: a3768d0e82ad83cca2da97724e46bea4ff0e6dbd
  resolved_ref: a3768d0e82ad83cca2da97724e46bea4ff0e6dbd
  virtual_path: skills/gws-workflow-file-announce
  is_virtual: true
  package_type: claude_skill
  deployed_files:
  - .claude/skills/gws-workflow-file-announce
  - .config/opencode/skills/gws-workflow-file-announce
  - .copilot/skills/gws-workflow-file-announce
  - .cursor/skills/gws-workflow-file-announce
  - .gemini/skills/gws-workflow-file-announce
  content_hash: sha256:243abf3004274a4ec42ac5d8874f40b76d26ac52c84504b928a0c2d2be09051e
- repo_url: googleworkspace/cli
  host: github.com
  resolved_commit: a3768d0e82ad83cca2da97724e46bea4ff0e6dbd
  resolved_ref: a3768d0e82ad83cca2da97724e46bea4ff0e6dbd
  virtual_path: skills/gws-workflow-meeting-prep
  is_virtual: true
  package_type: claude_skill
  deployed_files:
  - .claude/skills/gws-workflow-meeting-prep
  - .config/opencode/skills/gws-workflow-meeting-prep
  - .copilot/skills/gws-workflow-meeting-prep
  - .cursor/skills/gws-workflow-meeting-prep
  - .gemini/skills/gws-workflow-meeting-prep
  content_hash: sha256:72561f3f0f5b1a6de2e6028b232fe2bba9a4d60a97df1012afbf34c5b53c9cf2
- repo_url: googleworkspace/cli
  host: github.com
  resolved_commit: a3768d0e82ad83cca2da97724e46bea4ff0e6dbd
  resolved_ref: a3768d0e82ad83cca2da97724e46bea4ff0e6dbd
  virtual_path: skills/gws-workflow-standup-report
  is_virtual: true
  package_type: claude_skill
  deployed_files:
  - .claude/skills/gws-workflow-standup-report
  - .config/opencode/skills/gws-workflow-standup-report
  - .copilot/skills/gws-workflow-standup-report
  - .cursor/skills/gws-workflow-standup-report
  - .gemini/skills/gws-workflow-standup-report
  content_hash: sha256:ea178b78a537f5e1a44e9ab87627f1618870a0b0e2b1e588c6336308c52a91ea
- repo_url: googleworkspace/cli
  host: github.com
  resolved_commit: a3768d0e82ad83cca2da97724e46bea4ff0e6dbd
  resolved_ref: a3768d0e82ad83cca2da97724e46bea4ff0e6dbd
  virtual_path: skills/gws-workflow-weekly-digest
  is_virtual: true
  package_type: claude_skill
  deployed_files:
  - .claude/skills/gws-workflow-weekly-digest
  - .config/opencode/skills/gws-workflow-weekly-digest
  - .copilot/skills/gws-workflow-weekly-digest
  - .cursor/skills/gws-workflow-weekly-digest
  - .gemini/skills/gws-workflow-weekly-digest
  content_hash: sha256:292bcf04593f7980caee1a0392784ca6b653d36be07a991922fbcdfcc1a5fa27
- repo_url: max-sixty/worktrunk
  host: github.com
  resolved_commit: 53fd6135397b146f5038876118fd3ab8b3a36521
  resolved_ref: 53fd6135397b146f5038876118fd3ab8b3a36521
  virtual_path: skills/worktrunk
  is_virtual: true
  package_type: claude_skill
  deployed_files:
  - .claude/skills/worktrunk
  - .config/opencode/skills/worktrunk
  - .copilot/skills/worktrunk
  - .cursor/skills/worktrunk
  - .gemini/skills/worktrunk
  content_hash: sha256:2b049cc003ba3fadc96394f72ba5261a3e6f2b87af04cc359c51765bda720e81
- repo_url: microsoft/playwright-cli
  host: github.com
  resolved_commit: ee24ded1770c7a4f7a8cbb8e22aac9812e151feb
  resolved_ref: ee24ded1770c7a4f7a8cbb8e22aac9812e151feb
  virtual_path: skills/playwright-cli
  is_virtual: true
  package_type: claude_skill
  deployed_files:
  - .claude/skills/playwright-cli
  - .config/opencode/skills/playwright-cli
  - .copilot/skills/playwright-cli
  - .cursor/skills/playwright-cli
  - .gemini/skills/playwright-cli
  content_hash: sha256:e52ee924d653c9712d9b1aaab6aee078afc342c3b6303372ad2597944a3416ad
- repo_url: openai/codex-plugin-cc
  host: github.com
  resolved_commit: 807e03ac9d5aa23bc395fdec8c3767500a86b3cf
  resolved_ref: v1.0.4
  virtual_path: plugins/codex
  is_virtual: true
  package_type: marketplace_plugin
  deployed_files:
  - .claude/agents/codex-rescue.md
  - .claude/commands/adversarial-review.md
  - .claude/commands/cancel.md
  - .claude/commands/rescue.md
  - .claude/commands/result.md
  - .claude/commands/review.md
  - .claude/commands/setup.md
  - .claude/commands/status.md
  - .claude/skills/codex-cli-runtime
  - .claude/skills/codex-result-handling
  - .claude/skills/gpt-5-4-prompting
  - .config/opencode/agents/codex-rescue.md
  - .config/opencode/commands/adversarial-review.md
  - .config/opencode/commands/cancel.md
  - .config/opencode/commands/rescue.md
  - .config/opencode/commands/result.md
  - .config/opencode/commands/review.md
  - .config/opencode/commands/setup.md
  - .config/opencode/commands/status.md
  - .config/opencode/skills/codex-cli-runtime
  - .config/opencode/skills/codex-result-handling
  - .config/opencode/skills/gpt-5-4-prompting
  - .copilot/agents/codex-rescue.agent.md
  - .copilot/hooks/codex-hooks.json
  - .copilot/skills/codex-cli-runtime
  - .copilot/skills/codex-result-handling
  - .copilot/skills/gpt-5-4-prompting
  - .cursor/agents/codex-rescue.md
  - .cursor/skills/codex-cli-runtime
  - .cursor/skills/codex-result-handling
  - .cursor/skills/gpt-5-4-prompting
  - .gemini/commands/adversarial-review.toml
  - .gemini/commands/cancel.toml
  - .gemini/commands/rescue.toml
  - .gemini/commands/result.toml
  - .gemini/commands/review.toml
  - .gemini/commands/setup.toml
  - .gemini/commands/status.toml
  - .gemini/skills/codex-cli-runtime
  - .gemini/skills/codex-result-handling
  - .gemini/skills/gpt-5-4-prompting
  deployed_file_hashes:
    .claude/agents/codex-rescue.md: sha256:5b0362f3658fe1fedb6f1def42b585bd20d58f0d27659edd165a6592a91c7587
    .claude/commands/adversarial-review.md: sha256:cf4c42511543f89d1d8a7e1b43aa584439d127c8d7a16ea56fdadfa88b10c6fa
    .claude/commands/cancel.md: sha256:ce390828fb98f0c9f46a829fb876d7995a697aad46b20c4a7d527c86529754ac
    .claude/commands/rescue.md: sha256:7662f9bc5400b1ad94923a361fdadb50c5f7aa94f72aab053cb04e7c70ebe746
    .claude/commands/result.md: sha256:d6d90318e7eec67e685d6a7076c17179ce0cb2d0ed7cd4ea14fb9c48165b822c
    .claude/commands/review.md: sha256:9283e16ee526633469cd29270767536c7b085d636d96509a02d1def0e32d602c
    .claude/commands/setup.md: sha256:03fa3a56f4efc85d68029e11e9d66324f7f95dde9fe34e3484b1c584ea9bd4bf
    .claude/commands/status.md: sha256:beb039ac13c858a72720416c8805eb28fde7fa13e1a4cdcc476c2e40ad34f815
    .config/opencode/agents/codex-rescue.md: sha256:5b0362f3658fe1fedb6f1def42b585bd20d58f0d27659edd165a6592a91c7587
    .config/opencode/commands/adversarial-review.md: sha256:cf4c42511543f89d1d8a7e1b43aa584439d127c8d7a16ea56fdadfa88b10c6fa
    .config/opencode/commands/cancel.md: sha256:ce390828fb98f0c9f46a829fb876d7995a697aad46b20c4a7d527c86529754ac
    .config/opencode/commands/rescue.md: sha256:7662f9bc5400b1ad94923a361fdadb50c5f7aa94f72aab053cb04e7c70ebe746
    .config/opencode/commands/result.md: sha256:d6d90318e7eec67e685d6a7076c17179ce0cb2d0ed7cd4ea14fb9c48165b822c
    .config/opencode/commands/review.md: sha256:9283e16ee526633469cd29270767536c7b085d636d96509a02d1def0e32d602c
    .config/opencode/commands/setup.md: sha256:03fa3a56f4efc85d68029e11e9d66324f7f95dde9fe34e3484b1c584ea9bd4bf
    .config/opencode/commands/status.md: sha256:beb039ac13c858a72720416c8805eb28fde7fa13e1a4cdcc476c2e40ad34f815
    .copilot/agents/codex-rescue.agent.md: sha256:5b0362f3658fe1fedb6f1def42b585bd20d58f0d27659edd165a6592a91c7587
    .copilot/hooks/codex-hooks.json: sha256:6ba33b3f6a75ba4271a76160b0465e7050a607a02e1ec212a7c0f3b9cd3cb35a
    .cursor/agents/codex-rescue.md: sha256:5b0362f3658fe1fedb6f1def42b585bd20d58f0d27659edd165a6592a91c7587
    .gemini/commands/adversarial-review.toml: sha256:ef87b89510357560578a2acfac5bc80f16e1b54a663afe0ac0f3f6caa7bdaab7
    .gemini/commands/cancel.toml: sha256:f55ab914f01ca4cf9bd40db76239172a1c545f23c5b3e5834125123acce4a510
    .gemini/commands/rescue.toml: sha256:13ad0a86af7bb05d1f7be1ea221c04305481b0f6eeffe5e45476a44b9a231038
    .gemini/commands/result.toml: sha256:5326e040830b961a365a10cef962bd02cb24ea92b1e7baf253fd3c325be66f61
    .gemini/commands/review.toml: sha256:b24026400827e1d533acb39f0c16fd76086421daefd04ace8bce637d33f32db6
    .gemini/commands/setup.toml: sha256:171ab6495b13731ea87f0948d60db7ca9e9d9976704b0150a20e316c20a87e05
    .gemini/commands/status.toml: sha256:30fd67fc1e889a6e1d3e7f30c4323f7ee57a0add850de7cb90d0c9d1081754cc
  content_hash: sha256:945db996aa510b1583980edbfdbbca8b69ea814e6d3d3f36f3642106061eda2f
- repo_url: shuntaka9576/zenn-markdown-skill
  host: github.com
  resolved_commit: 1ed499daf5d699db5ab7afc379917dc2e16ec360
  resolved_ref: 1ed499daf5d699db5ab7afc379917dc2e16ec360
  virtual_path: skills/zenn-markdown
  is_virtual: true
  package_type: claude_skill
  deployed_files:
  - .claude/skills/zenn-markdown
  - .config/opencode/skills/zenn-markdown
  - .copilot/skills/zenn-markdown
  - .cursor/skills/zenn-markdown
  - .gemini/skills/zenn-markdown
  content_hash: sha256:ac665651f5d1817d1c8287bb275ab49b1c59b6340d32fb4a889c4323f7d39e02
